{"is_source_file": false, "format": "", "description": "", "external_files": [], "external_methods": [], "published": [], "classes": [], "methods": [], "calls": [], "search-terms": [], "state": 2, "file_id": 3, "knowledge_revision": 7, "git_revision": "6c10edb55b2025c6c73782adcfdadd9797c10f0d", "hash": "b7eea264a73aebd06432ef6588eb3d52", "format-version": 4, "code-base-name": "default", "filename": "tic_tac_toe_game/post_process_status.lock", "revision_history": [{"7": "6c10edb55b2025c6c73782adcfdadd9797c10f0d"}]}